// !$*UTF8*$!
{
	archiveVersion = 1;
	classes = {
	};
	objectVersion = 55;
	objects = {

/* Begin PBXBuildFile section */
		6748139228168F74003B515A /* AppDelegate.swift in Sources */ = {isa = PBXBuildFile; fileRef = 6748139128168F74003B515A /* AppDelegate.swift */; };
		6748139428168F74003B515A /* SceneDelegate.swift in Sources */ = {isa = PBXBuildFile; fileRef = 6748139328168F74003B515A /* SceneDelegate.swift */; };
		6748139628168F74003B515A /* ViewController.swift in Sources */ = {isa = PBXBuildFile; fileRef = 6748139528168F74003B515A /* ViewController.swift */; };
		6748139928168F74003B515A /* Main.storyboard in Resources */ = {isa = PBXBuildFile; fileRef = 6748139728168F74003B515A /* Main.storyboard */; };
		6748139B28168F8A003B515A /* Assets.xcassets in Resources */ = {isa = PBXBuildFile; fileRef = 6748139A28168F8A003B515A /* Assets.xcassets */; };
		6748139E28168F8B003B515A /* LaunchScreen.storyboard in Resources */ = {isa = PBXBuildFile; fileRef = 6748139C28168F8B003B515A /* LaunchScreen.storyboard */; };
		674813A928168F8B003B515A /* SetTests.swift in Sources */ = {isa = PBXBuildFile; fileRef = 674813A828168F8B003B515A /* SetTests.swift */; };
		674813B328168F8B003B515A /* SetUITests.swift in Sources */ = {isa = PBXBuildFile; fileRef = 674813B228168F8B003B515A /* SetUITests.swift */; };
		674813B528168F8B003B515A /* SetUITestsLaunchTests.swift in Sources */ = {isa = PBXBuildFile; fileRef = 674813B428168F8B003B515A /* SetUITestsLaunchTests.swift */; };
		674813C328169E2B003B515A /* Card.swift in Sources */ = {isa = PBXBuildFile; fileRef = 674813C228169E2B003B515A /* Card.swift */; };
		674813C52816D66F003B515A /* SetGame.swift in Sources */ = {isa = PBXBuildFile; fileRef = 674813C42816D66F003B515A /* SetGame.swift */; };
		674813C82816F261003B515A /* swiftlint.yml in Resources */ = {isa = PBXBuildFile; fileRef = 674813C72816F261003B515A /* swiftlint.yml */; };
		67FF0985281FF145005AEC06 /* SetGameView.swift in Sources */ = {isa = PBXBuildFile; fileRef = 67FF0984281FF145005AEC06 /* SetGameView.swift */; };
		67FF098B2821274C005AEC06 /* Grid.swift in Sources */ = {isa = PBXBuildFile; fileRef = 67FF098A2821274C005AEC06 /* Grid.swift */; };
		67FF098F28215671005AEC06 /* SetCardView.swift in Sources */ = {isa = PBXBuildFile; fileRef = 67FF098E28215671005AEC06 /* SetCardView.swift */; };
/* End PBXBuildFile section */

/* Begin PBXContainerItemProxy section */
		674813A528168F8B003B515A /* PBXContainerItemProxy */ = {
			isa = PBXContainerItemProxy;
			containerPortal = 6748138628168F74003B515A /* Project object */;
			proxyType = 1;
			remoteGlobalIDString = 6748138D28168F74003B515A;
			remoteInfo = Set;
		};
		674813AF28168F8B003B515A /* PBXContainerItemProxy */ = {
			isa = PBXContainerItemProxy;
			containerPortal = 6748138628168F74003B515A /* Project object */;
			proxyType = 1;
			remoteGlobalIDString = 6748138D28168F74003B515A;
			remoteInfo = Set;
		};
/* End PBXContainerItemProxy section */

/* Begin PBXFileReference section */
		6748138E28168F74003B515A /* Set.app */ = {isa = PBXFileReference; explicitFileType = wrapper.application; includeInIndex = 0; path = Set.app; sourceTree = BUILT_PRODUCTS_DIR; };
		6748139128168F74003B515A /* AppDelegate.swift */ = {isa = PBXFileReference; lastKnownFileType = sourcecode.swift; path = AppDelegate.swift; sourceTree = "<group>"; };
		6748139328168F74003B515A /* SceneDelegate.swift */ = {isa = PBXFileReference; lastKnownFileType = sourcecode.swift; path = SceneDelegate.swift; sourceTree = "<group>"; };
		6748139528168F74003B515A /* ViewController.swift */ = {isa = PBXFileReference; lastKnownFileType = sourcecode.swift; path = ViewController.swift; sourceTree = "<group>"; };
		6748139828168F74003B515A /* Base */ = {isa = PBXFileReference; lastKnownFileType = file.storyboard; name = Base; path = Base.lproj/Main.storyboard; sourceTree = "<group>"; };
		6748139A28168F8A003B515A /* Assets.xcassets */ = {isa = PBXFileReference; lastKnownFileType = folder.assetcatalog; path = Assets.xcassets; sourceTree = "<group>"; };
		6748139D28168F8B003B515A /* Base */ = {isa = PBXFileReference; lastKnownFileType = file.storyboard; name = Base; path = Base.lproj/LaunchScreen.storyboard; sourceTree = "<group>"; };
		6748139F28168F8B003B515A /* Info.plist */ = {isa = PBXFileReference; lastKnownFileType = text.plist.xml; path = Info.plist; sourceTree = "<group>"; };
		674813A428168F8B003B515A /* SetTests.xctest */ = {isa = PBXFileReference; explicitFileType = wrapper.cfbundle; includeInIndex = 0; path = SetTests.xctest; sourceTree = BUILT_PRODUCTS_DIR; };
		674813A828168F8B003B515A /* SetTests.swift */ = {isa = PBXFileReference; lastKnownFileType = sourcecode.swift; path = SetTests.swift; sourceTree = "<group>"; };
		674813AE28168F8B003B515A /* SetUITests.xctest */ = {isa = PBXFileReference; explicitFileType = wrapper.cfbundle; includeInIndex = 0; path = SetUITests.xctest; sourceTree = BUILT_PRODUCTS_DIR; };
		674813B228168F8B003B515A /* SetUITests.swift */ = {isa = PBXFileReference; lastKnownFileType = sourcecode.swift; path = SetUITests.swift; sourceTree = "<group>"; };
		674813B428168F8B003B515A /* SetUITestsLaunchTests.swift */ = {isa = PBXFileReference; lastKnownFileType = sourcecode.swift; path = SetUITestsLaunchTests.swift; sourceTree = "<group>"; };
		674813C228169E2B003B515A /* Card.swift */ = {isa = PBXFileReference; lastKnownFileType = sourcecode.swift; path = Card.swift; sourceTree = "<group>"; };
		674813C42816D66F003B515A /* SetGame.swift */ = {isa = PBXFileReference; lastKnownFileType = sourcecode.swift; path = SetGame.swift; sourceTree = "<group>"; };
		674813C72816F261003B515A /* swiftlint.yml */ = {isa = PBXFileReference; fileEncoding = 4; lastKnownFileType = text.yaml; path = swiftlint.yml; sourceTree = "<group>"; };
		67FF0984281FF145005AEC06 /* SetGameView.swift */ = {isa = PBXFileReference; lastKnownFileType = sourcecode.swift; path = SetGameView.swift; sourceTree = "<group>"; };
		67FF098A2821274C005AEC06 /* Grid.swift */ = {isa = PBXFileReference; lastKnownFileType = sourcecode.swift; path = Grid.swift; sourceTree = "<group>"; };
		67FF098E28215671005AEC06 /* SetCardView.swift */ = {isa = PBXFileReference; lastKnownFileType = sourcecode.swift; path = SetCardView.swift; sourceTree = "<group>"; };
/* End PBXFileReference section */

/* Begin PBXFrameworksBuildPhase section */
		6748138B28168F74003B515A /* Frameworks */ = {
			isa = PBXFrameworksBuildPhase;
			buildActionMask = 2147483647;
			files = (
			);
			runOnlyForDeploymentPostprocessing = 0;
		};
		674813A128168F8B003B515A /* Frameworks */ = {
			isa = PBXFrameworksBuildPhase;
			buildActionMask = 2147483647;
			files = (
			);
			runOnlyForDeploymentPostprocessing = 0;
		};
		674813AB28168F8B003B515A /* Frameworks */ = {
			isa = PBXFrameworksBuildPhase;
			buildActionMask = 2147483647;
			files = (
			);
			runOnlyForDeploymentPostprocessing = 0;
		};
/* End PBXFrameworksBuildPhase section */

/* Begin PBXGroup section */
		6748138528168F74003B515A = {
			isa = PBXGroup;
			children = (
				6748139028168F74003B515A /* Set */,
				674813A728168F8B003B515A /* SetTests */,
				674813B128168F8B003B515A /* SetUITests */,
				6748138F28168F74003B515A /* Products */,
			);
			sourceTree = "<group>";
		};
		6748138F28168F74003B515A /* Products */ = {
			isa = PBXGroup;
			children = (
				6748138E28168F74003B515A /* Set.app */,
				674813A428168F8B003B515A /* SetTests.xctest */,
				674813AE28168F8B003B515A /* SetUITests.xctest */,
			);
			name = Products;
			sourceTree = "<group>";
		};
		6748139028168F74003B515A /* Set */ = {
			isa = PBXGroup;
			children = (
				674813C72816F261003B515A /* swiftlint.yml */,
				674813C128169135003B515A /* New Group */,
				6748139328168F74003B515A /* SceneDelegate.swift */,
				6748139528168F74003B515A /* ViewController.swift */,
				6748139728168F74003B515A /* Main.storyboard */,
				6748139F28168F8B003B515A /* Info.plist */,
				674813C228169E2B003B515A /* Card.swift */,
				674813C42816D66F003B515A /* SetGame.swift */,
				67FF0984281FF145005AEC06 /* SetGameView.swift */,
				67FF098A2821274C005AEC06 /* Grid.swift */,
				67FF098E28215671005AEC06 /* SetCardView.swift */,
			);
			path = Set;
			sourceTree = "<group>";
		};
		674813A728168F8B003B515A /* SetTests */ = {
			isa = PBXGroup;
			children = (
				674813A828168F8B003B515A /* SetTests.swift */,
			);
			path = SetTests;
			sourceTree = "<group>";
		};
		674813B128168F8B003B515A /* SetUITests */ = {
			isa = PBXGroup;
			children = (
				674813B228168F8B003B515A /* SetUITests.swift */,
				674813B428168F8B003B515A /* SetUITestsLaunchTests.swift */,
			);
			path = SetUITests;
			sourceTree = "<group>";
		};
		674813C128169135003B515A /* New Group */ = {
			isa = PBXGroup;
			children = (
				6748139128168F74003B515A /* AppDelegate.swift */,
				6748139A28168F8A003B515A /* Assets.xcassets */,
				6748139C28168F8B003B515A /* LaunchScreen.storyboard */,
			);
			path = "New Group";
			sourceTree = "<group>";
		};
/* End PBXGroup section */

/* Begin PBXNativeTarget section */
		6748138D28168F74003B515A /* Set */ = {
			isa = PBXNativeTarget;
			buildConfigurationList = 674813B828168F8B003B515A /* Build configuration list for PBXNativeTarget "Set" */;
			buildPhases = (
				6748138A28168F74003B515A /* Sources */,
				6748138B28168F74003B515A /* Frameworks */,
				6748138C28168F74003B515A /* Resources */,
				674813C62816E94E003B515A /* SwiftLint */,
			);
			buildRules = (
			);
			dependencies = (
			);
			name = Set;
			productName = Set;
			productReference = 6748138E28168F74003B515A /* Set.app */;
			productType = "com.apple.product-type.application";
		};
		674813A328168F8B003B515A /* SetTests */ = {
			isa = PBXNativeTarget;
			buildConfigurationList = 674813BB28168F8B003B515A /* Build configuration list for PBXNativeTarget "SetTests" */;
			buildPhases = (
				674813A028168F8B003B515A /* Sources */,
				674813A128168F8B003B515A /* Frameworks */,
				674813A228168F8B003B515A /* Resources */,
			);
			buildRules = (
			);
			dependencies = (
				674813A628168F8B003B515A /* PBXTargetDependency */,
			);
			name = SetTests;
			productName = SetTests;
			productReference = 674813A428168F8B003B515A /* SetTests.xctest */;
			productType = "com.apple.product-type.bundle.unit-test";
		};
		674813AD28168F8B003B515A /* SetUITests */ = {
			isa = PBXNativeTarget;
			buildConfigurationList = 674813BE28168F8B003B515A /* Build configuration list for PBXNativeTarget "SetUITests" */;
			buildPhases = (
				674813AA28168F8B003B515A /* Sources */,
				674813AB28168F8B003B515A /* Frameworks */,
				674813AC28168F8B003B515A /* Resources */,
			);
			buildRules = (
			);
			dependencies = (
				674813B028168F8B003B515A /* PBXTargetDependency */,
			);
			name = SetUITests;
			productName = SetUITests;
			productReference = 674813AE28168F8B003B515A /* SetUITests.xctest */;
			productType = "com.apple.product-type.bundle.ui-testing";
		};
/* End PBXNativeTarget section */

/* Begin PBXProject section */
		6748138628168F74003B515A /* Project object */ = {
			isa = PBXProject;
			attributes = {
				BuildIndependentTargetsInParallel = 1;
				LastSwiftUpdateCheck = 1330;
				LastUpgradeCheck = 1330;
				TargetAttributes = {
					6748138D28168F74003B515A = {
						CreatedOnToolsVersion = 13.3;
					};
					674813A328168F8B003B515A = {
						CreatedOnToolsVersion = 13.3;
						TestTargetID = 6748138D28168F74003B515A;
					};
					674813AD28168F8B003B515A = {
						CreatedOnToolsVersion = 13.3;
						TestTargetID = 6748138D28168F74003B515A;
					};
				};
			};
			buildConfigurationList = 6748138928168F74003B515A /* Build configuration list for PBXProject "Set" */;
			compatibilityVersion = "Xcode 13.0";
			developmentRegion = en;
			hasScannedForEncodings = 0;
			knownRegions = (
				en,
				Base,
			);
			mainGroup = 6748138528168F74003B515A;
			productRefGroup = 6748138F28168F74003B515A /* Products */;
			projectDirPath = "";
			projectRoot = "";
			targets = (
				6748138D28168F74003B515A /* Set */,
				674813A328168F8B003B515A /* SetTests */,
				674813AD28168F8B003B515A /* SetUITests */,
			);
		};
/* End PBXProject section */

/* Begin PBXResourcesBuildPhase section */
		6748138C28168F74003B515A /* Resources */ = {
			isa = PBXResourcesBuildPhase;
			buildActionMask = 2147483647;
			files = (
				6748139E28168F8B003B515A /* LaunchScreen.storyboard in Resources */,
				674813C82816F261003B515A /* swiftlint.yml in Resources */,
				6748139B28168F8A003B515A /* Assets.xcassets in Resources */,
				6748139928168F74003B515A /* Main.storyboard in Resources */,
			);
			runOnlyForDeploymentPostprocessing = 0;
		};
		674813A228168F8B003B515A /* Resources */ = {
			isa = PBXResourcesBuildPhase;
			buildActionMask = 2147483647;
			files = (
			);
			runOnlyForDeploymentPostprocessing = 0;
		};
		674813AC28168F8B003B515A /* Resources */ = {
			isa = PBXResourcesBuildPhase;
			buildActionMask = 2147483647;
			files = (
			);
			runOnlyForDeploymentPostprocessing = 0;
		};
/* End PBXResourcesBuildPhase section */

/* Begin PBXShellScriptBuildPhase section */
		674813C62816E94E003B515A /* SwiftLint */ = {
			isa = PBXShellScriptBuildPhase;
			buildActionMask = 2147483647;
			files = (
			);
			inputFileListPaths = (
			);
			inputPaths = (
			);
			name = SwiftLint;
			outputFileListPaths = (
			);
			outputPaths = (
			);
			runOnlyForDeploymentPostprocessing = 0;
			shellPath = /bin/sh;
			shellScript = "# Type a script or drag a script file from your workspace to insert its path.\nif which swiftlint >/dev/null; then\n    swiftlint lint --strict\nelse\n    echo \"warning: SwiftLint not installed, download from https://github.com/realm/SwiftLint\"\n    exit 1\nfi\n";
		};
/* End PBXShellScriptBuildPhase section */

/* Begin PBXSourcesBuildPhase section */
		6748138A28168F74003B515A /* Sources */ = {
			isa = PBXSourcesBuildPhase;
			buildActionMask = 2147483647;
			files = (
				6748139628168F74003B515A /* ViewController.swift in Sources */,
				6748139228168F74003B515A /* AppDelegate.swift in Sources */,
				674813C52816D66F003B515A /* SetGame.swift in Sources */,
				6748139428168F74003B515A /* SceneDelegate.swift in Sources */,
				674813C328169E2B003B515A /* Card.swift in Sources */,
				67FF098F28215671005AEC06 /* SetCardView.swift in Sources */,
				67FF098B2821274C005AEC06 /* Grid.swift in Sources */,
				67FF0985281FF145005AEC06 /* SetGameView.swift in Sources */,
			);
			runOnlyForDeploymentPostprocessing = 0;
		};
		674813A028168F8B003B515A /* Sources */ = {
			isa = PBXSourcesBuildPhase;
			buildActionMask = 2147483647;
			files = (
				674813A928168F8B003B515A /* SetTests.swift in Sources */,
			);
			runOnlyForDeploymentPostprocessing = 0;
		};
		674813AA28168F8B003B515A /* Sources */ = {
			isa = PBXSourcesBuildPhase;
			buildActionMask = 2147483647;
			files = (
				674813B328168F8B003B515A /* SetUITests.swift in Sources */,
				674813B528168F8B003B515A /* SetUITestsLaunchTests.swift in Sources */,
			);
			runOnlyForDeploymentPostprocessing = 0;
		};
/* End PBXSourcesBuildPhase section */

/* Begin PBXTargetDependency section */
		674813A628168F8B003B515A /* PBXTargetDependency */ = {
			isa = PBXTargetDependency;
			target = 6748138D28168F74003B515A /* Set */;
			targetProxy = 674813A528168F8B003B515A /* PBXContainerItemProxy */;
		};
		674813B028168F8B003B515A /* PBXTargetDependency */ = {
			isa = PBXTargetDependency;
			target = 6748138D28168F74003B515A /* Set */;
			targetProxy = 674813AF28168F8B003B515A /* PBXContainerItemProxy */;
		};
/* End PBXTargetDependency section */

/* Begin PBXVariantGroup section */
		6748139728168F74003B515A /* Main.storyboard */ = {
			isa = PBXVariantGroup;
			children = (
				6748139828168F74003B515A /* Base */,
			);
			name = Main.storyboard;
			sourceTree = "<group>";
		};
		6748139C28168F8B003B515A /* LaunchScreen.storyboard */ = {
			isa = PBXVariantGroup;
			children = (
				6748139D28168F8B003B515A /* Base */,
			);
			name = LaunchScreen.storyboard;
			sourceTree = "<group>";
		};
/* End PBXVariantGroup section */

/* Begin XCBuildConfiguration section */
		674813B628168F8B003B515A /* Debug */ = {
			isa = XCBuildConfiguration;
			buildSettings = {
				ALWAYS_SEARCH_USER_PATHS = NO;
				CLANG_ANALYZER_NONNULL = YES;
				CLANG_ANALYZER_NUMBER_OBJECT_CONVERSION = YES_AGGRESSIVE;
				CLANG_CXX_LANGUAGE_STANDARD = "gnu++17";
				CLANG_ENABLE_MODULES = YES;
				CLANG_ENABLE_OBJC_ARC = YES;
				CLANG_ENABLE_OBJC_WEAK = YES;
				CLANG_WARN_BLOCK_CAPTURE_AUTORELEASING = YES;
				CLANG_WARN_BOOL_CONVERSION = YES;
				CLANG_WARN_COMMA = YES;
				CLANG_WARN_CONSTANT_CONVERSION = YES;
				CLANG_WARN_DEPRECATED_OBJC_IMPLEMENTATIONS = YES;
				CLANG_WARN_DIRECT_OBJC_ISA_USAGE = YES_ERROR;
				CLANG_WARN_DOCUMENTATION_COMMENTS = YES;
				CLANG_WARN_EMPTY_BODY = YES;
				CLANG_WARN_ENUM_CONVERSION = YES;
				CLANG_WARN_INFINITE_RECURSION = YES;
				CLANG_WARN_INT_CONVERSION = YES;
				CLANG_WARN_NON_LITERAL_NULL_CONVERSION = YES;
				CLANG_WARN_OBJC_IMPLICIT_RETAIN_SELF = YES;
				CLANG_WARN_OBJC_LITERAL_CONVERSION = YES;
				CLANG_WARN_OBJC_ROOT_CLASS = YES_ERROR;
				CLANG_WARN_QUOTED_INCLUDE_IN_FRAMEWORK_HEADER = YES;
				CLANG_WARN_RANGE_LOOP_ANALYSIS = YES;
				CLANG_WARN_STRICT_PROTOTYPES = YES;
				CLANG_WARN_SUSPICIOUS_MOVE = YES;
				CLANG_WARN_UNGUARDED_AVAILABILITY = YES_AGGRESSIVE;
				CLANG_WARN_UNREACHABLE_CODE = YES;
				CLANG_WARN__DUPLICATE_METHOD_MATCH = YES;
				COPY_PHASE_STRIP = NO;
				DEBUG_INFORMATION_FORMAT = dwarf;
				ENABLE_STRICT_OBJC_MSGSEND = YES;
				ENABLE_TESTABILITY = YES;
				GCC_C_LANGUAGE_STANDARD = gnu11;
				GCC_DYNAMIC_NO_PIC = NO;
				GCC_NO_COMMON_BLOCKS = YES;
				GCC_OPTIMIZATION_LEVEL = 0;
				GCC_PREPROCESSOR_DEFINITIONS = (
					"DEBUG=1",
					"$(inherited)",
				);
				GCC_WARN_64_TO_32_BIT_CONVERSION = YES;
				GCC_WARN_ABOUT_RETURN_TYPE = YES_ERROR;
				GCC_WARN_UNDECLARED_SELECTOR = YES;
				GCC_WARN_UNINITIALIZED_AUTOS = YES_AGGRESSIVE;
				GCC_WARN_UNUSED_FUNCTION = YES;
				GCC_WARN_UNUSED_VARIABLE = YES;
				IPHONEOS_DEPLOYMENT_TARGET = 15.4;
				MTL_ENABLE_DEBUG_INFO = INCLUDE_SOURCE;
				MTL_FAST_MATH = YES;
				ONLY_ACTIVE_ARCH = YES;
				SDKROOT = iphoneos;
				SWIFT_ACTIVE_COMPILATION_CONDITIONS = DEBUG;
				SWIFT_OPTIMIZATION_LEVEL = "-Onone";
			};
			name = Debug;
		};
		674813B728168F8B003B515A /* Release */ = {
			isa = XCBuildConfiguration;
			buildSettings = {
				ALWAYS_SEARCH_USER_PATHS = NO;
				CLANG_ANALYZER_NONNULL = YES;
				CLANG_ANALYZER_NUMBER_OBJECT_CONVERSION = YES_AGGRESSIVE;
				CLANG_CXX_LANGUAGE_STANDARD = "gnu++17";
				CLANG_ENABLE_MODULES = YES;
				CLANG_ENABLE_OBJC_ARC = YES;
				CLANG_ENABLE_OBJC_WEAK = YES;
				CLANG_WARN_BLOCK_CAPTURE_AUTORELEASING = YES;
				CLANG_WARN_BOOL_CONVERSION = YES;
				CLANG_WARN_COMMA = YES;
				CLANG_WARN_CONSTANT_CONVERSION = YES;
				CLANG_WARN_DEPRECATED_OBJC_IMPLEMENTATIONS = YES;
				CLANG_WARN_DIRECT_OBJC_ISA_USAGE = YES_ERROR;
				CLANG_WARN_DOCUMENTATION_COMMENTS = YES;
				CLANG_WARN_EMPTY_BODY = YES;
				CLANG_WARN_ENUM_CONVERSION = YES;
				CLANG_WARN_INFINITE_RECURSION = YES;
				CLANG_WARN_INT_CONVERSION = YES;
				CLANG_WARN_NON_LITERAL_NULL_CONVERSION = YES;
				CLANG_WARN_OBJC_IMPLICIT_RETAIN_SELF = YES;
				CLANG_WARN_OBJC_LITERAL_CONVERSION = YES;
				CLANG_WARN_OBJC_ROOT_CLASS = YES_ERROR;
				CLANG_WARN_QUOTED_INCLUDE_IN_FRAMEWORK_HEADER = YES;
				CLANG_WARN_RANGE_LOOP_ANALYSIS = YES;
				CLANG_WARN_STRICT_PROTOTYPES = YES;
				CLANG_WARN_SUSPICIOUS_MOVE = YES;
				CLANG_WARN_UNGUARDED_AVAILABILITY = YES_AGGRESSIVE;
				CLANG_WARN_UNREACHABLE_CODE = YES;
				CLANG_WARN__DUPLICATE_METHOD_MATCH = YES;
				COPY_PHASE_STRIP = NO;
				DEBUG_INFORMATION_FORMAT = "dwarf-with-dsym";
				ENABLE_NS_ASSERTIONS = NO;
				ENABLE_STRICT_OBJC_MSGSEND = YES;
				GCC_C_LANGUAGE_STANDARD = gnu11;
				GCC_NO_COMMON_BLOCKS = YES;
				GCC_WARN_64_TO_32_BIT_CONVERSION = YES;
				GCC_WARN_ABOUT_RETURN_TYPE = YES_ERROR;
				GCC_WARN_UNDECLARED_SELECTOR = YES;
				GCC_WARN_UNINITIALIZED_AUTOS = YES_AGGRESSIVE;
				GCC_WARN_UNUSED_FUNCTION = YES;
				GCC_WARN_UNUSED_VARIABLE = YES;
				IPHONEOS_DEPLOYMENT_TARGET = 15.4;
				MTL_ENABLE_DEBUG_INFO = NO;
				MTL_FAST_MATH = YES;
				SDKROOT = iphoneos;
				SWIFT_COMPILATION_MODE = wholemodule;
				SWIFT_OPTIMIZATION_LEVEL = "-O";
				VALIDATE_PRODUCT = YES;
			};
			name = Release;
		};
		674813B928168F8B003B515A /* Debug */ = {
			isa = XCBuildConfiguration;
			buildSettings = {
				ASSETCATALOG_COMPILER_APPICON_NAME = AppIcon;
				ASSETCATALOG_COMPILER_GLOBAL_ACCENT_COLOR_NAME = AccentColor;
				CODE_SIGN_STYLE = Automatic;
				CURRENT_PROJECT_VERSION = 1;
				DEVELOPMENT_TEAM = 9KJK4KLN3F;
				GENERATE_INFOPLIST_FILE = YES;
				INFOPLIST_FILE = Set/Info.plist;
				INFOPLIST_KEY_UIApplicationSupportsIndirectInputEvents = YES;
				INFOPLIST_KEY_UILaunchStoryboardName = LaunchScreen;
				INFOPLIST_KEY_UIMainStoryboardFile = Main;
				INFOPLIST_KEY_UISupportedInterfaceOrientations_iPad = "UIInterfaceOrientationPortrait UIInterfaceOrientationPortraitUpsideDown UIInterfaceOrientationLandscapeLeft UIInterfaceOrientationLandscapeRight";
				INFOPLIST_KEY_UISupportedInterfaceOrientations_iPhone = "UIInterfaceOrientationPortrait UIInterfaceOrientationLandscapeLeft UIInterfaceOrientationLandscapeRight";
				LD_RUNPATH_SEARCH_PATHS = (
					"$(inherited)",
					"@executable_path/Frameworks",
				);
				MARKETING_VERSION = 1.0;
				PRODUCT_BUNDLE_IDENTIFIER = "Healthy-Practice.Set";
				PRODUCT_NAME = "$(TARGET_NAME)";
				SWIFT_EMIT_LOC_STRINGS = YES;
				SWIFT_VERSION = 5.0;
				TARGETED_DEVICE_FAMILY = "1,2";
			};
			name = Debug;
		};
		674813BA28168F8B003B515A /* Release */ = {
			isa = XCBuildConfiguration;
			buildSettings = {
				ASSETCATALOG_COMPILER_APPICON_NAME = AppIcon;
				ASSETCATALOG_COMPILER_GLOBAL_ACCENT_COLOR_NAME = AccentColor;
				CODE_SIGN_STYLE = Automatic;
				CURRENT_PROJECT_VERSION = 1;
				DEVELOPMENT_TEAM = 9KJK4KLN3F;
				GENERATE_INFOPLIST_FILE = YES;
				INFOPLIST_FILE = Set/Info.plist;
				INFOPLIST_KEY_UIApplicationSupportsIndirectInputEvents = YES;
				INFOPLIST_KEY_UILaunchStoryboardName = LaunchScreen;
				INFOPLIST_KEY_UIMainStoryboardFile = Main;
				INFOPLIST_KEY_UISupportedInterfaceOrientations_iPad = "UIInterfaceOrientationPortrait UIInterfaceOrientationPortraitUpsideDown UIInterfaceOrientationLandscapeLeft UIInterfaceOrientationLandscapeRight";
				INFOPLIST_KEY_UISupportedInterfaceOrientations_iPhone = "UIInterfaceOrientationPortrait UIInterfaceOrientationLandscapeLeft UIInterfaceOrientationLandscapeRight";
				LD_RUNPATH_SEARCH_PATHS = (
					"$(inherited)",
					"@executable_path/Frameworks",
				);
				MARKETING_VERSION = 1.0;
				PRODUCT_BUNDLE_IDENTIFIER = "Healthy-Practice.Set";
				PRODUCT_NAME = "$(TARGET_NAME)";
				SWIFT_EMIT_LOC_STRINGS = YES;
				SWIFT_VERSION = 5.0;
				TARGETED_DEVICE_FAMILY = "1,2";
			};
			name = Release;
		};
		674813BC28168F8B003B515A /* Debug */ = {
			isa = XCBuildConfiguration;
			buildSettings = {
				ALWAYS_EMBED_SWIFT_STANDARD_LIBRARIES = YES;
				BUNDLE_LOADER = "$(TEST_HOST)";
				CODE_SIGN_STYLE = Automatic;
				CURRENT_PROJECT_VERSION = 1;
				DEVELOPMENT_TEAM = 9KJK4KLN3F;
				GENERATE_INFOPLIST_FILE = YES;
				IPHONEOS_DEPLOYMENT_TARGET = 15.4;
				MARKETING_VERSION = 1.0;
				PRODUCT_BUNDLE_IDENTIFIER = "Healthy-Practice.SetTests";
				PRODUCT_NAME = "$(TARGET_NAME)";
				SWIFT_EMIT_LOC_STRINGS = NO;
				SWIFT_VERSION = 5.0;
				TARGETED_DEVICE_FAMILY = "1,2";
				TEST_HOST = "$(BUILT_PRODUCTS_DIR)/Set.app/Set";
			};
			name = Debug;
		};
		674813BD28168F8B003B515A /* Release */ = {
			isa = XCBuildConfiguration;
			buildSettings = {
				ALWAYS_EMBED_SWIFT_STANDARD_LIBRARIES = YES;
				BUNDLE_LOADER = "$(TEST_HOST)";
				CODE_SIGN_STYLE = Automatic;
				CURRENT_PROJECT_VERSION = 1;
				DEVELOPMENT_TEAM = 9KJK4KLN3F;
				GENERATE_INFOPLIST_FILE = YES;
				IPHONEOS_DEPLOYMENT_TARGET = 15.4;
				MARKETING_VERSION = 1.0;
				PRODUCT_BUNDLE_IDENTIFIER = "Healthy-Practice.SetTests";
				PRODUCT_NAME = "$(TARGET_NAME)";
				SWIFT_EMIT_LOC_STRINGS = NO;
				SWIFT_VERSION = 5.0;
				TARGETED_DEVICE_FAMILY = "1,2";
				TEST_HOST = "$(BUILT_PRODUCTS_DIR)/Set.app/Set";
			};
			name = Release;
		};
		674813BF28168F8B003B515A /* Debug */ = {
			isa = XCBuildConfiguration;
			buildSettings = {
				ALWAYS_EMBED_SWIFT_STANDARD_LIBRARIES = YES;
				CODE_SIGN_STYLE = Automatic;
				CURRENT_PROJECT_VERSION = 1;
				DEVELOPMENT_TEAM = 9KJK4KLN3F;
				GENERATE_INFOPLIST_FILE = YES;
				MARKETING_VERSION = 1.0;
				PRODUCT_BUNDLE_IDENTIFIER = "Healthy-Practice.SetUITests";
				PRODUCT_NAME = "$(TARGET_NAME)";
				SWIFT_EMIT_LOC_STRINGS = NO;
				SWIFT_VERSION = 5.0;
				TARGETED_DEVICE_FAMILY = "1,2";
				TEST_TARGET_NAME = Set;
			};
			name = Debug;
		};
		674813C028168F8B003B515A /* Release */ = {
			isa = XCBuildConfiguration;
			buildSettings = {
				ALWAYS_EMBED_SWIFT_STANDARD_LIBRARIES = YES;
				CODE_SIGN_STYLE = Automatic;
				CURRENT_PROJECT_VERSION = 1;
				DEVELOPMENT_TEAM = 9KJK4KLN3F;
				GENERATE_INFOPLIST_FILE = YES;
				MARKETING_VERSION = 1.0;
				PRODUCT_BUNDLE_IDENTIFIER = "Healthy-Practice.SetUITests";
				PRODUCT_NAME = "$(TARGET_NAME)";
				SWIFT_EMIT_LOC_STRINGS = NO;
				SWIFT_VERSION = 5.0;
				TARGETED_DEVICE_FAMILY = "1,2";
				TEST_TARGET_NAME = Set;
			};
			name = Release;
		};
/* End XCBuildConfiguration section */

/* Begin XCConfigurationList section */
		6748138928168F74003B515A /* Build configuration list for PBXProject "Set" */ = {
			isa = XCConfigurationList;
			buildConfigurations = (
				674813B628168F8B003B515A /* Debug */,
				674813B728168F8B003B515A /* Release */,
			);
			defaultConfigurationIsVisible = 0;
			defaultConfigurationName = Release;
		};
		674813B828168F8B003B515A /* Build configuration list for PBXNativeTarget "Set" */ = {
			isa = XCConfigurationList;
			buildConfigurations = (
				674813B928168F8B003B515A /* Debug */,
				674813BA28168F8B003B515A /* Release */,
			);
			defaultConfigurationIsVisible = 0;
			defaultConfigurationName = Release;
		};
		674813BB28168F8B003B515A /* Build configuration list for PBXNativeTarget "SetTests" */ = {
			isa = XCConfigurationList;
			buildConfigurations = (
				674813BC28168F8B003B515A /* Debug */,
				674813BD28168F8B003B515A /* Release */,
			);
			defaultConfigurationIsVisible = 0;
			defaultConfigurationName = Release;
		};
		674813BE28168F8B003B515A /* Build configuration list for PBXNativeTarget "SetUITests" */ = {
			isa = XCConfigurationList;
			buildConfigurations = (
				674813BF28168F8B003B515A /* Debug */,
				674813C028168F8B003B515A /* Release */,
			);
			defaultConfigurationIsVisible = 0;
			defaultConfigurationName = Release;
		};
/* End XCConfigurationList section */
	};
	rootObject = 6748138628168F74003B515A /* Project object */;
}
